
Microsoft Visual Studio Solution File, Format Version 12.00
# Visual Studio Version 17
VisualStudioVersion = 17.5.002.0
MinimumVisualStudioVersion = 10.0.40219.1
Project("{9A19103F-16F7-4668-BE54-9A1E7A4F7556}") = "Algoritmos", "Algoritmos\Algoritmos.csproj", "{B3F8C9CD-A9EB-4F0E-A18A-0E34312F9321}"
EndProject
Project("{9A19103F-16F7-4668-BE54-9A1E7A4F7556}") = "Domain", "Domain\Domain.csproj", "{9264126D-3D6A-4D10-8855-EB6AA7FBD73B}"
EndProject
Global
	GlobalSection(SolutionConfigurationPlatforms) = preSolution
		Debug|Any CPU = Debug|Any CPU
		Release|Any CPU = Release|Any CPU
	EndGlobalSection
	GlobalSection(ProjectConfigurationPlatforms) = postSolution
		{B3F8C9CD-A9EB-4F0E-A18A-0E34312F9321}.Debug|Any CPU.ActiveCfg = Debug|Any CPU
		{B3F8C9CD-A9EB-4F0E-A18A-0E34312F9321}.Debug|Any CPU.Build.0 = Debug|Any CPU
		{B3F8C9CD-A9EB-4F0E-A18A-0E34312F9321}.Release|Any CPU.ActiveCfg = Release|Any CPU
		{B3F8C9CD-A9EB-4F0E-A18A-0E34312F9321}.Release|Any CPU.Build.0 = Release|Any CPU
		{9264126D-3D6A-4D10-8855-EB6AA7FBD73B}.Debug|Any CPU.ActiveCfg = Debug|Any CPU
		{9264126D-3D6A-4D10-8855-EB6AA7FBD73B}.Debug|Any CPU.Build.0 = Debug|Any CPU
		{9264126D-3D6A-4D10-8855-EB6AA7FBD73B}.Release|Any CPU.ActiveCfg = Release|Any CPU
		{9264126D-3D6A-4D10-8855-EB6AA7FBD73B}.Release|Any CPU.Build.0 = Release|Any CPU
	EndGlobalSection
	GlobalSection(SolutionProperties) = preSolution
		HideSolutionNode = FALSE
	EndGlobalSection
	GlobalSection(ExtensibilityGlobals) = postSolution
		SolutionGuid = {91426B78-190C-43C3-A8F7-0F5229FB4F98}
	EndGlobalSection
EndGlobal
